
Microsoft Visual Studio Solution File, Format Version 12.00
# Visual Studio Version 17
VisualStudioVersion = 17.11.35303.130
MinimumVisualStudioVersion = 10.0.40219.1
Project("{FAE04EC0-301F-11D3-BF4B-00C04F79EFBC}") = "LINQ_Consultas", "LINQ_Consultas.csproj", "{5E2BAC16-A214-46D2-920D-7D8EA11068A4}"
EndProject
Global
	GlobalSection(SolutionConfigurationPlatforms) = preSolution
		Debug|Any CPU = Debug|Any CPU
		Release|Any CPU = Release|Any CPU
	EndGlobalSection
	GlobalSection(ProjectConfigurationPlatforms) = postSolution
		{5E2BAC16-A214-46D2-920D-7D8EA11068A4}.Debug|Any CPU.ActiveCfg = Debug|Any CPU
		{5E2BAC16-A214-46D2-920D-7D8EA11068A4}.Debug|Any CPU.Build.0 = Debug|Any CPU
		{5E2BAC16-A214-46D2-920D-7D8EA11068A4}.Release|Any CPU.ActiveCfg = Release|Any CPU
		{5E2BAC16-A214-46D2-920D-7D8EA11068A4}.Release|Any CPU.Build.0 = Release|Any CPU
	EndGlobalSection
	GlobalSection(SolutionProperties) = preSolution
		HideSolutionNode = FALSE
	EndGlobalSection
	GlobalSection(ExtensibilityGlobals) = postSolution
		SolutionGuid = {99B9F857-7B43-4163-AC68-13E29D38BCC4}
	EndGlobalSection
EndGlobal
